
Microsoft Visual Studio Solution File, Format Version 12.00
# Visual Studio 15
Project("{FAE04EC0-301F-11D3-BF4B-00C04F79EFBC}") = "Assembly-CSharp", "Assembly-CSharp.csproj", "{C97B2725-E38B-9382-9F2B-3EBC435C3AB8}"
EndProject
Project("{FAE04EC0-301F-11D3-BF4B-00C04F79EFBC}") = "Assembly-CSharp-firstpass", "Assembly-CSharp-firstpass.csproj", "{11FD5730-DAE4-3707-B741-DE54BF8C727C}"
EndProject
Project("{FAE04EC0-301F-11D3-BF4B-00C04F79EFBC}") = "Assembly-CSharp-Editor", "Assembly-CSharp-Editor.csproj", "{7C76A2F6-6E9B-51D1-5B7A-95BEF52194F5}"
EndProject
Global
	GlobalSection(SolutionConfigurationPlatforms) = preSolution
		Debug|Any CPU = Debug|Any CPU
		Release|Any CPU = Release|Any CPU
	EndGlobalSection
	GlobalSection(ProjectConfigurationPlatforms) = postSolution
		{C97B2725-E38B-9382-9F2B-3EBC435C3AB8}.Debug|Any CPU.ActiveCfg = Debug|Any CPU
		{C97B2725-E38B-9382-9F2B-3EBC435C3AB8}.Debug|Any CPU.Build.0 = Debug|Any CPU
		{C97B2725-E38B-9382-9F2B-3EBC435C3AB8}.Release|Any CPU.ActiveCfg = Release|Any CPU
		{C97B2725-E38B-9382-9F2B-3EBC435C3AB8}.Release|Any CPU.Build.0 = Release|Any CPU
		{11FD5730-DAE4-3707-B741-DE54BF8C727C}.Debug|Any CPU.ActiveCfg = Debug|Any CPU
		{11FD5730-DAE4-3707-B741-DE54BF8C727C}.Debug|Any CPU.Build.0 = Debug|Any CPU
		{11FD5730-DAE4-3707-B741-DE54BF8C727C}.Release|Any CPU.ActiveCfg = Release|Any CPU
		{11FD5730-DAE4-3707-B741-DE54BF8C727C}.Release|Any CPU.Build.0 = Release|Any CPU
		{7C76A2F6-6E9B-51D1-5B7A-95BEF52194F5}.Debug|Any CPU.ActiveCfg = Debug|Any CPU
		{7C76A2F6-6E9B-51D1-5B7A-95BEF52194F5}.Debug|Any CPU.Build.0 = Debug|Any CPU
		{7C76A2F6-6E9B-51D1-5B7A-95BEF52194F5}.Release|Any CPU.ActiveCfg = Release|Any CPU
		{7C76A2F6-6E9B-51D1-5B7A-95BEF52194F5}.Release|Any CPU.Build.0 = Release|Any CPU
	EndGlobalSection
	GlobalSection(SolutionProperties) = preSolution
		HideSolutionNode = FALSE
	EndGlobalSection
EndGlobal
